
Microsoft Visual Studio Solution File, Format Version 12.00
Project("{FAE04EC0-301F-11D3-BF4B-00C04F79EFBC}") = "Teachers.Desktop", "Teachers.Desktop\Teachers.Desktop.csproj", "{A1AE0038-2B9D-4CBB-8665-BBC08279FFD8}"
EndProject
Project("{2150E333-8FDC-42A3-9474-1A3956D46DE8}") = "Others", "Others", "{A0310D4C-8E16-42F4-BA9F-50E2CDFCDF47}"
	ProjectSection(SolutionItems) = preProject
		.gitignore = .gitignore
		.editorconfig = .editorconfig
	EndProjectSection
EndProject
Global
	GlobalSection(SolutionConfigurationPlatforms) = preSolution
		Debug|Any CPU = Debug|Any CPU
		Release|Any CPU = Release|Any CPU
	EndGlobalSection
	GlobalSection(ProjectConfigurationPlatforms) = postSolution
		{A1AE0038-2B9D-4CBB-8665-BBC08279FFD8}.Debug|Any CPU.ActiveCfg = Debug|Any CPU
		{A1AE0038-2B9D-4CBB-8665-BBC08279FFD8}.Debug|Any CPU.Build.0 = Debug|Any CPU
		{A1AE0038-2B9D-4CBB-8665-BBC08279FFD8}.Release|Any CPU.ActiveCfg = Release|Any CPU
		{A1AE0038-2B9D-4CBB-8665-BBC08279FFD8}.Release|Any CPU.Build.0 = Release|Any CPU
	EndGlobalSection
EndGlobal
