
Microsoft Visual Studio Solution File, Format Version 12.00
Project("{FAE04EC0-301F-11D3-BF4B-00C04F79EFBC}") = "Teachers.Desktop", "Teachers.Desktop\Teachers.Desktop.csproj", "{A1AE0038-2B9D-4CBB-8665-BBC08279FFD8}"
EndProject
Project("{2150E333-8FDC-42A3-9474-1A3956D46DE8}") = "Others", "Others", "{A0310D4C-8E16-42F4-BA9F-50E2CDFCDF47}"
	ProjectSection(SolutionItems) = preProject
		.gitignore = .gitignore
		.editorconfig = .editorconfig
	EndProjectSection
EndProject
Project("{FAE04EC0-301F-11D3-BF4B-00C04F79EFBC}") = "Teachers.Models", "Teachers.Models\Teachers.Models.csproj", "{0CF0D9E0-1EE4-4328-83B2-BCC70BAE4BE2}"
EndProject
Project("{2150E333-8FDC-42A3-9474-1A3956D46DE8}") = "Teachers.DataAccess", "Teachers.DataAccess", "{A06B2AFC-0ABF-43CA-B0C8-ED448C1A5B47}"
EndProject
Project("{FAE04EC0-301F-11D3-BF4B-00C04F79EFBC}") = "Teachers.DataAccess", "Teachers.DataAccess\Teachers.DataAccess.csproj", "{3138BA75-2C69-4551-9D9D-E367F865390F}"
EndProject
Project("{FAE04EC0-301F-11D3-BF4B-00C04F79EFBC}") = "Teachers.DataAccess.Test", "Teachers.DataAccess.Test\Teachers.DataAccess.Test.csproj", "{D32E219F-F084-4563-8583-2B28DA9BD89C}"
EndProject
Project("{2150E333-8FDC-42A3-9474-1A3956D46DE8}") = "Teachers.Services", "Teachers.Services", "{31C4F042-29EC-4160-B708-FE194D3F6938}"
EndProject
Project("{FAE04EC0-301F-11D3-BF4B-00C04F79EFBC}") = "Teachers.Services", "Teachers.Services\Teachers.Services.csproj", "{28A9A4A6-012C-4570-B39C-363CD87B268C}"
EndProject
Global
	GlobalSection(SolutionConfigurationPlatforms) = preSolution
		Debug|Any CPU = Debug|Any CPU
		Release|Any CPU = Release|Any CPU
	EndGlobalSection
	GlobalSection(ProjectConfigurationPlatforms) = postSolution
		{A1AE0038-2B9D-4CBB-8665-BBC08279FFD8}.Debug|Any CPU.ActiveCfg = Debug|Any CPU
		{A1AE0038-2B9D-4CBB-8665-BBC08279FFD8}.Debug|Any CPU.Build.0 = Debug|Any CPU
		{A1AE0038-2B9D-4CBB-8665-BBC08279FFD8}.Release|Any CPU.ActiveCfg = Release|Any CPU
		{A1AE0038-2B9D-4CBB-8665-BBC08279FFD8}.Release|Any CPU.Build.0 = Release|Any CPU
		{0CF0D9E0-1EE4-4328-83B2-BCC70BAE4BE2}.Debug|Any CPU.ActiveCfg = Debug|Any CPU
		{0CF0D9E0-1EE4-4328-83B2-BCC70BAE4BE2}.Debug|Any CPU.Build.0 = Debug|Any CPU
		{0CF0D9E0-1EE4-4328-83B2-BCC70BAE4BE2}.Release|Any CPU.ActiveCfg = Release|Any CPU
		{0CF0D9E0-1EE4-4328-83B2-BCC70BAE4BE2}.Release|Any CPU.Build.0 = Release|Any CPU
		{3138BA75-2C69-4551-9D9D-E367F865390F}.Debug|Any CPU.ActiveCfg = Debug|Any CPU
		{3138BA75-2C69-4551-9D9D-E367F865390F}.Debug|Any CPU.Build.0 = Debug|Any CPU
		{3138BA75-2C69-4551-9D9D-E367F865390F}.Release|Any CPU.ActiveCfg = Release|Any CPU
		{3138BA75-2C69-4551-9D9D-E367F865390F}.Release|Any CPU.Build.0 = Release|Any CPU
		{D32E219F-F084-4563-8583-2B28DA9BD89C}.Debug|Any CPU.ActiveCfg = Debug|Any CPU
		{D32E219F-F084-4563-8583-2B28DA9BD89C}.Debug|Any CPU.Build.0 = Debug|Any CPU
		{D32E219F-F084-4563-8583-2B28DA9BD89C}.Release|Any CPU.ActiveCfg = Release|Any CPU
		{D32E219F-F084-4563-8583-2B28DA9BD89C}.Release|Any CPU.Build.0 = Release|Any CPU
		{28A9A4A6-012C-4570-B39C-363CD87B268C}.Debug|Any CPU.ActiveCfg = Debug|Any CPU
		{28A9A4A6-012C-4570-B39C-363CD87B268C}.Debug|Any CPU.Build.0 = Debug|Any CPU
		{28A9A4A6-012C-4570-B39C-363CD87B268C}.Release|Any CPU.ActiveCfg = Release|Any CPU
		{28A9A4A6-012C-4570-B39C-363CD87B268C}.Release|Any CPU.Build.0 = Release|Any CPU
	EndGlobalSection
	GlobalSection(NestedProjects) = preSolution
		{3138BA75-2C69-4551-9D9D-E367F865390F} = {A06B2AFC-0ABF-43CA-B0C8-ED448C1A5B47}
		{D32E219F-F084-4563-8583-2B28DA9BD89C} = {A06B2AFC-0ABF-43CA-B0C8-ED448C1A5B47}
		{28A9A4A6-012C-4570-B39C-363CD87B268C} = {31C4F042-29EC-4160-B708-FE194D3F6938}
	EndGlobalSection
EndGlobal
